
Microsoft Visual Studio Solution File, Format Version 12.00
# Visual Studio Version 17
VisualStudioVersion = 17.3.32922.545
MinimumVisualStudioVersion = 10.0.40219.1
Project("{FAE04EC0-301F-11D3-BF4B-00C04F79EFBC}") = "HC", "CountOfInstances\HC.csproj", "{326278C9-881D-4A18-AF42-1D23982559D8}"
EndProject
Project("{FAE04EC0-301F-11D3-BF4B-00C04F79EFBC}") = "DbgHelpers", "DbgHelpers\DbgHelpers.csproj", "{4EC32C90-A9F1-4B0E-9E0F-1B6FF423A88E}"
EndProject
Project("{FAE04EC0-301F-11D3-BF4B-00C04F79EFBC}") = "AnalysisUI", "AnalysisUI\AnalysisUI.csproj", "{0B09748C-0315-42E9-91CA-E8E4F7DA7D8E}"
EndProject
Project("{FAE04EC0-301F-11D3-BF4B-00C04F79EFBC}") = "MemOps", "MemOps\MemOps.csproj", "{374AEF52-C43F-46FE-9A91-C09545D611CD}"
EndProject
Project("{FAE04EC0-301F-11D3-BF4B-00C04F79EFBC}") = "DiffThread", "DiffThread\DiffThread.csproj", "{DC2A080D-73B4-427F-A4D8-439D8CAC5A6A}"
EndProject
Project("{FAE04EC0-301F-11D3-BF4B-00C04F79EFBC}") = "DbgUtils", "DbgUtils\DbgUtils.csproj", "{8710EC4C-D07C-40F7-ADA0-E95C6E960B6B}"
EndProject
Project("{FAE04EC0-301F-11D3-BF4B-00C04F79EFBC}") = "GS", "Scratch\GS.csproj", "{CA61F1AB-1C81-414A-A949-9694713633A6}"
EndProject
Project("{8BC9CEB8-8B4A-11D0-8D11-00A0C91BC942}") = "dbgast", "dbgast\dbgast.vcxproj", "{0EAFC8FF-314D-4E3C-A45C-71F318ACD60B}"
EndProject
Project("{FAE04EC0-301F-11D3-BF4B-00C04F79EFBC}") = "ad", "ad\ad.csproj", "{EAB15B98-6CF6-4205-B80B-17E04381EFDB}"
EndProject
Project("{8BC9CEB8-8B4A-11D0-8D11-00A0C91BC942}") = "NatDbgHelper", "NatDbgHelper\NatDbgHelper.vcxproj", "{7D8A1214-1181-40CE-9224-37B62FC30A8A}"
EndProject
Project("{8BC9CEB8-8B4A-11D0-8D11-00A0C91BC942}") = "DumpGen", "DumpGen\DumpGen.vcxproj", "{DF38D126-84CF-4A57-9086-BD5264BD9E18}"
EndProject
Project("{9A19103F-16F7-4668-BE54-9A1E7A4F7556}") = "FindnonZero", "FindnonZero\FindnonZero.csproj", "{D50D4ACA-3B71-4167-8D72-94C0F514F5F6}"
EndProject
Project("{9A19103F-16F7-4668-BE54-9A1E7A4F7556}") = "xk", "xk\xk.csproj", "{6F7A13B6-BB74-4F6B-B250-5D201C01B957}"
EndProject
Project("{FAE04EC0-301F-11D3-BF4B-00C04F79EFBC}") = "ProcessPTOInput", "ProcessPTOInput\ProcessPTOInput.csproj", "{6FA5AB10-1EFB-4F4F-8E7E-609898184712}"
EndProject
Global
	GlobalSection(SolutionConfigurationPlatforms) = preSolution
		Debug|Any CPU = Debug|Any CPU
		Debug|x64 = Debug|x64
		Debug|x86 = Debug|x86
		Release|Any CPU = Release|Any CPU
		Release|x64 = Release|x64
		Release|x86 = Release|x86
	EndGlobalSection
	GlobalSection(ProjectConfigurationPlatforms) = postSolution
		{326278C9-881D-4A18-AF42-1D23982559D8}.Debug|Any CPU.ActiveCfg = Debug|Any CPU
		{326278C9-881D-4A18-AF42-1D23982559D8}.Debug|Any CPU.Build.0 = Debug|Any CPU
		{326278C9-881D-4A18-AF42-1D23982559D8}.Debug|x64.ActiveCfg = Debug|x64
		{326278C9-881D-4A18-AF42-1D23982559D8}.Debug|x64.Build.0 = Debug|x64
		{326278C9-881D-4A18-AF42-1D23982559D8}.Debug|x86.ActiveCfg = Debug|Any CPU
		{326278C9-881D-4A18-AF42-1D23982559D8}.Debug|x86.Build.0 = Debug|Any CPU
		{326278C9-881D-4A18-AF42-1D23982559D8}.Release|Any CPU.ActiveCfg = Release|Any CPU
		{326278C9-881D-4A18-AF42-1D23982559D8}.Release|Any CPU.Build.0 = Release|Any CPU
		{326278C9-881D-4A18-AF42-1D23982559D8}.Release|x64.ActiveCfg = Release|x64
		{326278C9-881D-4A18-AF42-1D23982559D8}.Release|x64.Build.0 = Release|x64
		{326278C9-881D-4A18-AF42-1D23982559D8}.Release|x86.ActiveCfg = Release|Any CPU
		{326278C9-881D-4A18-AF42-1D23982559D8}.Release|x86.Build.0 = Release|Any CPU
		{4EC32C90-A9F1-4B0E-9E0F-1B6FF423A88E}.Debug|Any CPU.ActiveCfg = Debug|Any CPU
		{4EC32C90-A9F1-4B0E-9E0F-1B6FF423A88E}.Debug|Any CPU.Build.0 = Debug|Any CPU
		{4EC32C90-A9F1-4B0E-9E0F-1B6FF423A88E}.Debug|x64.ActiveCfg = Debug|x64
		{4EC32C90-A9F1-4B0E-9E0F-1B6FF423A88E}.Debug|x64.Build.0 = Debug|x64
		{4EC32C90-A9F1-4B0E-9E0F-1B6FF423A88E}.Debug|x86.ActiveCfg = Debug|Any CPU
		{4EC32C90-A9F1-4B0E-9E0F-1B6FF423A88E}.Debug|x86.Build.0 = Debug|Any CPU
		{4EC32C90-A9F1-4B0E-9E0F-1B6FF423A88E}.Release|Any CPU.ActiveCfg = Release|Any CPU
		{4EC32C90-A9F1-4B0E-9E0F-1B6FF423A88E}.Release|Any CPU.Build.0 = Release|Any CPU
		{4EC32C90-A9F1-4B0E-9E0F-1B6FF423A88E}.Release|x64.ActiveCfg = Release|x64
		{4EC32C90-A9F1-4B0E-9E0F-1B6FF423A88E}.Release|x64.Build.0 = Release|x64
		{4EC32C90-A9F1-4B0E-9E0F-1B6FF423A88E}.Release|x86.ActiveCfg = Release|Any CPU
		{4EC32C90-A9F1-4B0E-9E0F-1B6FF423A88E}.Release|x86.Build.0 = Release|Any CPU
		{0B09748C-0315-42E9-91CA-E8E4F7DA7D8E}.Debug|Any CPU.ActiveCfg = Debug|Any CPU
		{0B09748C-0315-42E9-91CA-E8E4F7DA7D8E}.Debug|Any CPU.Build.0 = Debug|Any CPU
		{0B09748C-0315-42E9-91CA-E8E4F7DA7D8E}.Debug|x64.ActiveCfg = Debug|x64
		{0B09748C-0315-42E9-91CA-E8E4F7DA7D8E}.Debug|x64.Build.0 = Debug|x64
		{0B09748C-0315-42E9-91CA-E8E4F7DA7D8E}.Debug|x86.ActiveCfg = Debug|Any CPU
		{0B09748C-0315-42E9-91CA-E8E4F7DA7D8E}.Debug|x86.Build.0 = Debug|Any CPU
		{0B09748C-0315-42E9-91CA-E8E4F7DA7D8E}.Release|Any CPU.ActiveCfg = Release|Any CPU
		{0B09748C-0315-42E9-91CA-E8E4F7DA7D8E}.Release|Any CPU.Build.0 = Release|Any CPU
		{0B09748C-0315-42E9-91CA-E8E4F7DA7D8E}.Release|x64.ActiveCfg = Release|x64
		{0B09748C-0315-42E9-91CA-E8E4F7DA7D8E}.Release|x64.Build.0 = Release|x64
		{0B09748C-0315-42E9-91CA-E8E4F7DA7D8E}.Release|x86.ActiveCfg = Release|Any CPU
		{0B09748C-0315-42E9-91CA-E8E4F7DA7D8E}.Release|x86.Build.0 = Release|Any CPU
		{374AEF52-C43F-46FE-9A91-C09545D611CD}.Debug|Any CPU.ActiveCfg = Debug|Any CPU
		{374AEF52-C43F-46FE-9A91-C09545D611CD}.Debug|Any CPU.Build.0 = Debug|Any CPU
		{374AEF52-C43F-46FE-9A91-C09545D611CD}.Debug|x64.ActiveCfg = Debug|x64
		{374AEF52-C43F-46FE-9A91-C09545D611CD}.Debug|x64.Build.0 = Debug|x64
		{374AEF52-C43F-46FE-9A91-C09545D611CD}.Debug|x86.ActiveCfg = Debug|Any CPU
		{374AEF52-C43F-46FE-9A91-C09545D611CD}.Debug|x86.Build.0 = Debug|Any CPU
		{374AEF52-C43F-46FE-9A91-C09545D611CD}.Release|Any CPU.ActiveCfg = Release|Any CPU
		{374AEF52-C43F-46FE-9A91-C09545D611CD}.Release|Any CPU.Build.0 = Release|Any CPU
		{374AEF52-C43F-46FE-9A91-C09545D611CD}.Release|x64.ActiveCfg = Release|x64
		{374AEF52-C43F-46FE-9A91-C09545D611CD}.Release|x64.Build.0 = Release|x64
		{374AEF52-C43F-46FE-9A91-C09545D611CD}.Release|x86.ActiveCfg = Release|Any CPU
		{374AEF52-C43F-46FE-9A91-C09545D611CD}.Release|x86.Build.0 = Release|Any CPU
		{DC2A080D-73B4-427F-A4D8-439D8CAC5A6A}.Debug|Any CPU.ActiveCfg = Debug|Any CPU
		{DC2A080D-73B4-427F-A4D8-439D8CAC5A6A}.Debug|Any CPU.Build.0 = Debug|Any CPU
		{DC2A080D-73B4-427F-A4D8-439D8CAC5A6A}.Debug|x64.ActiveCfg = Debug|x64
		{DC2A080D-73B4-427F-A4D8-439D8CAC5A6A}.Debug|x64.Build.0 = Debug|x64
		{DC2A080D-73B4-427F-A4D8-439D8CAC5A6A}.Debug|x86.ActiveCfg = Debug|Any CPU
		{DC2A080D-73B4-427F-A4D8-439D8CAC5A6A}.Debug|x86.Build.0 = Debug|Any CPU
		{DC2A080D-73B4-427F-A4D8-439D8CAC5A6A}.Release|Any CPU.ActiveCfg = Release|Any CPU
		{DC2A080D-73B4-427F-A4D8-439D8CAC5A6A}.Release|Any CPU.Build.0 = Release|Any CPU
		{DC2A080D-73B4-427F-A4D8-439D8CAC5A6A}.Release|x64.ActiveCfg = Release|x64
		{DC2A080D-73B4-427F-A4D8-439D8CAC5A6A}.Release|x64.Build.0 = Release|x64
		{DC2A080D-73B4-427F-A4D8-439D8CAC5A6A}.Release|x86.ActiveCfg = Release|Any CPU
		{DC2A080D-73B4-427F-A4D8-439D8CAC5A6A}.Release|x86.Build.0 = Release|Any CPU
		{8710EC4C-D07C-40F7-ADA0-E95C6E960B6B}.Debug|Any CPU.ActiveCfg = Debug|Any CPU
		{8710EC4C-D07C-40F7-ADA0-E95C6E960B6B}.Debug|Any CPU.Build.0 = Debug|Any CPU
		{8710EC4C-D07C-40F7-ADA0-E95C6E960B6B}.Debug|x64.ActiveCfg = Debug|x64
		{8710EC4C-D07C-40F7-ADA0-E95C6E960B6B}.Debug|x64.Build.0 = Debug|x64
		{8710EC4C-D07C-40F7-ADA0-E95C6E960B6B}.Debug|x86.ActiveCfg = Debug|Any CPU
		{8710EC4C-D07C-40F7-ADA0-E95C6E960B6B}.Debug|x86.Build.0 = Debug|Any CPU
		{8710EC4C-D07C-40F7-ADA0-E95C6E960B6B}.Release|Any CPU.ActiveCfg = Release|Any CPU
		{8710EC4C-D07C-40F7-ADA0-E95C6E960B6B}.Release|Any CPU.Build.0 = Release|Any CPU
		{8710EC4C-D07C-40F7-ADA0-E95C6E960B6B}.Release|x64.ActiveCfg = Release|x64
		{8710EC4C-D07C-40F7-ADA0-E95C6E960B6B}.Release|x64.Build.0 = Release|x64
		{8710EC4C-D07C-40F7-ADA0-E95C6E960B6B}.Release|x86.ActiveCfg = Release|Any CPU
		{8710EC4C-D07C-40F7-ADA0-E95C6E960B6B}.Release|x86.Build.0 = Release|Any CPU
		{CA61F1AB-1C81-414A-A949-9694713633A6}.Debug|Any CPU.ActiveCfg = Debug|Any CPU
		{CA61F1AB-1C81-414A-A949-9694713633A6}.Debug|Any CPU.Build.0 = Debug|Any CPU
		{CA61F1AB-1C81-414A-A949-9694713633A6}.Debug|x64.ActiveCfg = Debug|x64
		{CA61F1AB-1C81-414A-A949-9694713633A6}.Debug|x64.Build.0 = Debug|x64
		{CA61F1AB-1C81-414A-A949-9694713633A6}.Debug|x86.ActiveCfg = Debug|Any CPU
		{CA61F1AB-1C81-414A-A949-9694713633A6}.Debug|x86.Build.0 = Debug|Any CPU
		{CA61F1AB-1C81-414A-A949-9694713633A6}.Release|Any CPU.ActiveCfg = Release|Any CPU
		{CA61F1AB-1C81-414A-A949-9694713633A6}.Release|Any CPU.Build.0 = Release|Any CPU
		{CA61F1AB-1C81-414A-A949-9694713633A6}.Release|x64.ActiveCfg = Release|x64
		{CA61F1AB-1C81-414A-A949-9694713633A6}.Release|x64.Build.0 = Release|x64
		{CA61F1AB-1C81-414A-A949-9694713633A6}.Release|x86.ActiveCfg = Release|Any CPU
		{CA61F1AB-1C81-414A-A949-9694713633A6}.Release|x86.Build.0 = Release|Any CPU
		{0EAFC8FF-314D-4E3C-A45C-71F318ACD60B}.Debug|Any CPU.ActiveCfg = Debug|Win32
		{0EAFC8FF-314D-4E3C-A45C-71F318ACD60B}.Debug|x64.ActiveCfg = Debug|x64
		{0EAFC8FF-314D-4E3C-A45C-71F318ACD60B}.Debug|x64.Build.0 = Debug|x64
		{0EAFC8FF-314D-4E3C-A45C-71F318ACD60B}.Debug|x86.ActiveCfg = Debug|Win32
		{0EAFC8FF-314D-4E3C-A45C-71F318ACD60B}.Debug|x86.Build.0 = Debug|Win32
		{0EAFC8FF-314D-4E3C-A45C-71F318ACD60B}.Release|Any CPU.ActiveCfg = Release|Win32
		{0EAFC8FF-314D-4E3C-A45C-71F318ACD60B}.Release|x64.ActiveCfg = Release|x64
		{0EAFC8FF-314D-4E3C-A45C-71F318ACD60B}.Release|x64.Build.0 = Release|x64
		{0EAFC8FF-314D-4E3C-A45C-71F318ACD60B}.Release|x86.ActiveCfg = Release|Win32
		{0EAFC8FF-314D-4E3C-A45C-71F318ACD60B}.Release|x86.Build.0 = Release|Win32
		{EAB15B98-6CF6-4205-B80B-17E04381EFDB}.Debug|Any CPU.ActiveCfg = Debug|Any CPU
		{EAB15B98-6CF6-4205-B80B-17E04381EFDB}.Debug|Any CPU.Build.0 = Debug|Any CPU
		{EAB15B98-6CF6-4205-B80B-17E04381EFDB}.Debug|x64.ActiveCfg = Debug|x64
		{EAB15B98-6CF6-4205-B80B-17E04381EFDB}.Debug|x64.Build.0 = Debug|x64
		{EAB15B98-6CF6-4205-B80B-17E04381EFDB}.Debug|x86.ActiveCfg = Debug|Any CPU
		{EAB15B98-6CF6-4205-B80B-17E04381EFDB}.Debug|x86.Build.0 = Debug|Any CPU
		{EAB15B98-6CF6-4205-B80B-17E04381EFDB}.Release|Any CPU.ActiveCfg = Release|Any CPU
		{EAB15B98-6CF6-4205-B80B-17E04381EFDB}.Release|Any CPU.Build.0 = Release|Any CPU
		{EAB15B98-6CF6-4205-B80B-17E04381EFDB}.Release|x64.ActiveCfg = Release|x64
		{EAB15B98-6CF6-4205-B80B-17E04381EFDB}.Release|x64.Build.0 = Release|x64
		{EAB15B98-6CF6-4205-B80B-17E04381EFDB}.Release|x86.ActiveCfg = Release|Any CPU
		{EAB15B98-6CF6-4205-B80B-17E04381EFDB}.Release|x86.Build.0 = Release|Any CPU
		{7D8A1214-1181-40CE-9224-37B62FC30A8A}.Debug|Any CPU.ActiveCfg = Debug|Win32
		{7D8A1214-1181-40CE-9224-37B62FC30A8A}.Debug|x64.ActiveCfg = Debug|x64
		{7D8A1214-1181-40CE-9224-37B62FC30A8A}.Debug|x64.Build.0 = Debug|x64
		{7D8A1214-1181-40CE-9224-37B62FC30A8A}.Debug|x86.ActiveCfg = Debug|Win32
		{7D8A1214-1181-40CE-9224-37B62FC30A8A}.Debug|x86.Build.0 = Debug|Win32
		{7D8A1214-1181-40CE-9224-37B62FC30A8A}.Release|Any CPU.ActiveCfg = Release|Win32
		{7D8A1214-1181-40CE-9224-37B62FC30A8A}.Release|x64.ActiveCfg = Release|x64
		{7D8A1214-1181-40CE-9224-37B62FC30A8A}.Release|x64.Build.0 = Release|x64
		{7D8A1214-1181-40CE-9224-37B62FC30A8A}.Release|x86.ActiveCfg = Release|Win32
		{7D8A1214-1181-40CE-9224-37B62FC30A8A}.Release|x86.Build.0 = Release|Win32
		{DF38D126-84CF-4A57-9086-BD5264BD9E18}.Debug|Any CPU.ActiveCfg = Debug|x64
		{DF38D126-84CF-4A57-9086-BD5264BD9E18}.Debug|Any CPU.Build.0 = Debug|x64
		{DF38D126-84CF-4A57-9086-BD5264BD9E18}.Debug|x64.ActiveCfg = Debug|x64
		{DF38D126-84CF-4A57-9086-BD5264BD9E18}.Debug|x64.Build.0 = Debug|x64
		{DF38D126-84CF-4A57-9086-BD5264BD9E18}.Debug|x86.ActiveCfg = Debug|Win32
		{DF38D126-84CF-4A57-9086-BD5264BD9E18}.Debug|x86.Build.0 = Debug|Win32
		{DF38D126-84CF-4A57-9086-BD5264BD9E18}.Release|Any CPU.ActiveCfg = Release|x64
		{DF38D126-84CF-4A57-9086-BD5264BD9E18}.Release|Any CPU.Build.0 = Release|x64
		{DF38D126-84CF-4A57-9086-BD5264BD9E18}.Release|x64.ActiveCfg = Release|x64
		{DF38D126-84CF-4A57-9086-BD5264BD9E18}.Release|x64.Build.0 = Release|x64
		{DF38D126-84CF-4A57-9086-BD5264BD9E18}.Release|x86.ActiveCfg = Release|Win32
		{DF38D126-84CF-4A57-9086-BD5264BD9E18}.Release|x86.Build.0 = Release|Win32
		{D50D4ACA-3B71-4167-8D72-94C0F514F5F6}.Debug|Any CPU.ActiveCfg = Debug|Any CPU
		{D50D4ACA-3B71-4167-8D72-94C0F514F5F6}.Debug|Any CPU.Build.0 = Debug|Any CPU
		{D50D4ACA-3B71-4167-8D72-94C0F514F5F6}.Debug|x64.ActiveCfg = Debug|Any CPU
		{D50D4ACA-3B71-4167-8D72-94C0F514F5F6}.Debug|x64.Build.0 = Debug|Any CPU
		{D50D4ACA-3B71-4167-8D72-94C0F514F5F6}.Debug|x86.ActiveCfg = Debug|Any CPU
		{D50D4ACA-3B71-4167-8D72-94C0F514F5F6}.Debug|x86.Build.0 = Debug|Any CPU
		{D50D4ACA-3B71-4167-8D72-94C0F514F5F6}.Release|Any CPU.ActiveCfg = Release|Any CPU
		{D50D4ACA-3B71-4167-8D72-94C0F514F5F6}.Release|Any CPU.Build.0 = Release|Any CPU
		{D50D4ACA-3B71-4167-8D72-94C0F514F5F6}.Release|x64.ActiveCfg = Release|Any CPU
		{D50D4ACA-3B71-4167-8D72-94C0F514F5F6}.Release|x64.Build.0 = Release|Any CPU
		{D50D4ACA-3B71-4167-8D72-94C0F514F5F6}.Release|x86.ActiveCfg = Release|Any CPU
		{D50D4ACA-3B71-4167-8D72-94C0F514F5F6}.Release|x86.Build.0 = Release|Any CPU
		{6F7A13B6-BB74-4F6B-B250-5D201C01B957}.Debug|Any CPU.ActiveCfg = Debug|Any CPU
		{6F7A13B6-BB74-4F6B-B250-5D201C01B957}.Debug|Any CPU.Build.0 = Debug|Any CPU
		{6F7A13B6-BB74-4F6B-B250-5D201C01B957}.Debug|x64.ActiveCfg = Debug|Any CPU
		{6F7A13B6-BB74-4F6B-B250-5D201C01B957}.Debug|x64.Build.0 = Debug|Any CPU
		{6F7A13B6-BB74-4F6B-B250-5D201C01B957}.Debug|x86.ActiveCfg = Debug|Any CPU
		{6F7A13B6-BB74-4F6B-B250-5D201C01B957}.Debug|x86.Build.0 = Debug|Any CPU
		{6F7A13B6-BB74-4F6B-B250-5D201C01B957}.Release|Any CPU.ActiveCfg = Release|Any CPU
		{6F7A13B6-BB74-4F6B-B250-5D201C01B957}.Release|Any CPU.Build.0 = Release|Any CPU
		{6F7A13B6-BB74-4F6B-B250-5D201C01B957}.Release|x64.ActiveCfg = Release|Any CPU
		{6F7A13B6-BB74-4F6B-B250-5D201C01B957}.Release|x64.Build.0 = Release|Any CPU
		{6F7A13B6-BB74-4F6B-B250-5D201C01B957}.Release|x86.ActiveCfg = Release|Any CPU
		{6F7A13B6-BB74-4F6B-B250-5D201C01B957}.Release|x86.Build.0 = Release|Any CPU
		{6FA5AB10-1EFB-4F4F-8E7E-609898184712}.Debug|Any CPU.ActiveCfg = Debug|Any CPU
		{6FA5AB10-1EFB-4F4F-8E7E-609898184712}.Debug|Any CPU.Build.0 = Debug|Any CPU
		{6FA5AB10-1EFB-4F4F-8E7E-609898184712}.Debug|x64.ActiveCfg = Debug|Any CPU
		{6FA5AB10-1EFB-4F4F-8E7E-609898184712}.Debug|x64.Build.0 = Debug|Any CPU
		{6FA5AB10-1EFB-4F4F-8E7E-609898184712}.Debug|x86.ActiveCfg = Debug|Any CPU
		{6FA5AB10-1EFB-4F4F-8E7E-609898184712}.Debug|x86.Build.0 = Debug|Any CPU
		{6FA5AB10-1EFB-4F4F-8E7E-609898184712}.Release|Any CPU.ActiveCfg = Release|Any CPU
		{6FA5AB10-1EFB-4F4F-8E7E-609898184712}.Release|Any CPU.Build.0 = Release|Any CPU
		{6FA5AB10-1EFB-4F4F-8E7E-609898184712}.Release|x64.ActiveCfg = Release|Any CPU
		{6FA5AB10-1EFB-4F4F-8E7E-609898184712}.Release|x64.Build.0 = Release|Any CPU
		{6FA5AB10-1EFB-4F4F-8E7E-609898184712}.Release|x86.ActiveCfg = Release|Any CPU
		{6FA5AB10-1EFB-4F4F-8E7E-609898184712}.Release|x86.Build.0 = Release|Any CPU
	EndGlobalSection
	GlobalSection(SolutionProperties) = preSolution
		HideSolutionNode = FALSE
	EndGlobalSection
	GlobalSection(ExtensibilityGlobals) = postSolution
		SolutionGuid = {3D5C5A82-DE13-4625-BB5D-B1B9F260E4C2}
	EndGlobalSection
EndGlobal
